
Microsoft Visual Studio Solution File, Format Version 12.00
# Visual Studio 15
VisualStudioVersion = 15.0.28307.705
MinimumVisualStudioVersion = 10.0.40219.1
Project("{FAE04EC0-301F-11D3-BF4B-00C04F79EFBC}") = "SA2.Android", "SA2\SA2.Android\SA2.Android.csproj", "{E3EF6ACE-CB2C-4B0E-86D5-41BD315B0076}"
EndProject
Project("{FAE04EC0-301F-11D3-BF4B-00C04F79EFBC}") = "SA2", "SA2\SA2\SA2.csproj", "{46F6AC0E-7B12-4B1F-8AD0-39BD8756EB21}"
EndProject
Global
	GlobalSection(SolutionConfigurationPlatforms) = preSolution
		Debug|Any CPU = Debug|Any CPU
		Release|Any CPU = Release|Any CPU
	EndGlobalSection
	GlobalSection(ProjectConfigurationPlatforms) = postSolution
		{E3EF6ACE-CB2C-4B0E-86D5-41BD315B0076}.Debug|Any CPU.ActiveCfg = Debug|Any CPU
		{E3EF6ACE-CB2C-4B0E-86D5-41BD315B0076}.Debug|Any CPU.Build.0 = Debug|Any CPU
		{E3EF6ACE-CB2C-4B0E-86D5-41BD315B0076}.Debug|Any CPU.Deploy.0 = Debug|Any CPU
		{E3EF6ACE-CB2C-4B0E-86D5-41BD315B0076}.Release|Any CPU.ActiveCfg = Release|Any CPU
		{E3EF6ACE-CB2C-4B0E-86D5-41BD315B0076}.Release|Any CPU.Build.0 = Release|Any CPU
		{E3EF6ACE-CB2C-4B0E-86D5-41BD315B0076}.Release|Any CPU.Deploy.0 = Release|Any CPU
		{46F6AC0E-7B12-4B1F-8AD0-39BD8756EB21}.Debug|Any CPU.ActiveCfg = Debug|Any CPU
		{46F6AC0E-7B12-4B1F-8AD0-39BD8756EB21}.Debug|Any CPU.Build.0 = Debug|Any CPU
		{46F6AC0E-7B12-4B1F-8AD0-39BD8756EB21}.Debug|Any CPU.Deploy.0 = Debug|Any CPU
		{46F6AC0E-7B12-4B1F-8AD0-39BD8756EB21}.Release|Any CPU.ActiveCfg = Release|Any CPU
		{46F6AC0E-7B12-4B1F-8AD0-39BD8756EB21}.Release|Any CPU.Build.0 = Release|Any CPU
		{46F6AC0E-7B12-4B1F-8AD0-39BD8756EB21}.Release|Any CPU.Deploy.0 = Release|Any CPU
	EndGlobalSection
	GlobalSection(SolutionProperties) = preSolution
		HideSolutionNode = FALSE
	EndGlobalSection
	GlobalSection(ExtensibilityGlobals) = postSolution
		SolutionGuid = {FAE7BCB3-FAFF-48EB-85C0-6F312C1E9673}
	EndGlobalSection
EndGlobal
